
Microsoft Visual Studio Solution File, Format Version 12.00
# Visual Studio 15
VisualStudioVersion = 15.0.28307.329
MinimumVisualStudioVersion = 10.0.40219.1
Project("{FAE04EC0-301F-11D3-BF4B-00C04F79EFBC}") = "GameLibrary", "GameLibrary\GameLibrary.csproj", "{695F5F07-90B6-4072-A80F-1B69C9D4D3D6}"
EndProject
Project("{FAE04EC0-301F-11D3-BF4B-00C04F79EFBC}") = "DatabaseManager", "DatabaseManager\DatabaseManager.csproj", "{47A766E5-EBDF-463B-A942-9F2BF0EBF3A8}"
EndProject
Global
	GlobalSection(SolutionConfigurationPlatforms) = preSolution
		Debug|Any CPU = Debug|Any CPU
		Release|Any CPU = Release|Any CPU
	EndGlobalSection
	GlobalSection(ProjectConfigurationPlatforms) = postSolution
		{695F5F07-90B6-4072-A80F-1B69C9D4D3D6}.Debug|Any CPU.ActiveCfg = Debug|Any CPU
		{695F5F07-90B6-4072-A80F-1B69C9D4D3D6}.Debug|Any CPU.Build.0 = Debug|Any CPU
		{695F5F07-90B6-4072-A80F-1B69C9D4D3D6}.Release|Any CPU.ActiveCfg = Release|Any CPU
		{695F5F07-90B6-4072-A80F-1B69C9D4D3D6}.Release|Any CPU.Build.0 = Release|Any CPU
		{47A766E5-EBDF-463B-A942-9F2BF0EBF3A8}.Debug|Any CPU.ActiveCfg = Debug|Any CPU
		{47A766E5-EBDF-463B-A942-9F2BF0EBF3A8}.Debug|Any CPU.Build.0 = Debug|Any CPU
		{47A766E5-EBDF-463B-A942-9F2BF0EBF3A8}.Release|Any CPU.ActiveCfg = Release|Any CPU
		{47A766E5-EBDF-463B-A942-9F2BF0EBF3A8}.Release|Any CPU.Build.0 = Release|Any CPU
	EndGlobalSection
	GlobalSection(SolutionProperties) = preSolution
		HideSolutionNode = FALSE
	EndGlobalSection
	GlobalSection(ExtensibilityGlobals) = postSolution
		SolutionGuid = {9DC2DC14-1FC7-4324-8AC8-53D42DE0B644}
	EndGlobalSection
EndGlobal
