
Microsoft Visual Studio Solution File, Format Version 12.00
# Visual Studio Version 16
VisualStudioVersion = 16.0.29519.87
MinimumVisualStudioVersion = 10.0.40219.1
Project("{FAE04EC0-301F-11D3-BF4B-00C04F79EFBC}") = "GameLibrary", "GameLibrary\GameLibrary.csproj", "{695F5F07-90B6-4072-A80F-1B69C9D4D3D6}"
EndProject
Project("{9A19103F-16F7-4668-BE54-9A1E7A4F7556}") = "DatabaseManager", "DatabaseManager\DatabaseManager.csproj", "{47A766E5-EBDF-463B-A942-9F2BF0EBF3A8}"
EndProject
Project("{2150E333-8FDC-42A3-9474-1A3956D46DE8}") = "Tests", "Tests", "{EE5FFE5B-5960-4AFB-8140-5BC73E75F34D}"
EndProject
Project("{FAE04EC0-301F-11D3-BF4B-00C04F79EFBC}") = "TestLoginRegister", "Tests\TestLoginRegister\TestLoginRegister.csproj", "{6045EDCF-C98F-4767-A9A3-1681D58690F2}"
EndProject
Global
	GlobalSection(SolutionConfigurationPlatforms) = preSolution
		Debug|Any CPU = Debug|Any CPU
		Release|Any CPU = Release|Any CPU
	EndGlobalSection
	GlobalSection(ProjectConfigurationPlatforms) = postSolution
		{695F5F07-90B6-4072-A80F-1B69C9D4D3D6}.Debug|Any CPU.ActiveCfg = Debug|Any CPU
		{695F5F07-90B6-4072-A80F-1B69C9D4D3D6}.Debug|Any CPU.Build.0 = Debug|Any CPU
		{695F5F07-90B6-4072-A80F-1B69C9D4D3D6}.Release|Any CPU.ActiveCfg = Release|Any CPU
		{695F5F07-90B6-4072-A80F-1B69C9D4D3D6}.Release|Any CPU.Build.0 = Release|Any CPU
		{47A766E5-EBDF-463B-A942-9F2BF0EBF3A8}.Debug|Any CPU.ActiveCfg = Debug|Any CPU
		{47A766E5-EBDF-463B-A942-9F2BF0EBF3A8}.Debug|Any CPU.Build.0 = Debug|Any CPU
		{47A766E5-EBDF-463B-A942-9F2BF0EBF3A8}.Release|Any CPU.ActiveCfg = Release|Any CPU
		{47A766E5-EBDF-463B-A942-9F2BF0EBF3A8}.Release|Any CPU.Build.0 = Release|Any CPU
		{6045EDCF-C98F-4767-A9A3-1681D58690F2}.Debug|Any CPU.ActiveCfg = Debug|Any CPU
		{6045EDCF-C98F-4767-A9A3-1681D58690F2}.Debug|Any CPU.Build.0 = Debug|Any CPU
		{6045EDCF-C98F-4767-A9A3-1681D58690F2}.Release|Any CPU.ActiveCfg = Release|Any CPU
		{6045EDCF-C98F-4767-A9A3-1681D58690F2}.Release|Any CPU.Build.0 = Release|Any CPU
	EndGlobalSection
	GlobalSection(SolutionProperties) = preSolution
		HideSolutionNode = FALSE
	EndGlobalSection
	GlobalSection(NestedProjects) = preSolution
		{6045EDCF-C98F-4767-A9A3-1681D58690F2} = {EE5FFE5B-5960-4AFB-8140-5BC73E75F34D}
	EndGlobalSection
	GlobalSection(ExtensibilityGlobals) = postSolution
		SolutionGuid = {9DC2DC14-1FC7-4324-8AC8-53D42DE0B644}
	EndGlobalSection
EndGlobal
